// !$*UTF8*$!
{
	archiveVersion = 1;
	classes = {
	};
	objectVersion = 55;
	objects = {

/* Begin PBXBuildFile section */
		4340013729A7C9E900AE4985 /* AuthViewControllerDelegate.swift in Sources */ = {isa = PBXBuildFile; fileRef = 4340013629A7C9E900AE4985 /* AuthViewControllerDelegate.swift */; };
		4340013A29A7CA7B00AE4985 /* WebViewViewControllerDelegate.swift in Sources */ = {isa = PBXBuildFile; fileRef = 4340013929A7CA7B00AE4985 /* WebViewViewControllerDelegate.swift */; };
		4349F550297C77840071F0F6 /* Constants.swift in Sources */ = {isa = PBXBuildFile; fileRef = 4349F54F297C77840071F0F6 /* Constants.swift */; };
		4349F5552980634B0071F0F6 /* WebViewViewController.swift in Sources */ = {isa = PBXBuildFile; fileRef = 4349F5542980634B0071F0F6 /* WebViewViewController.swift */; };
		4349F557298256F00071F0F6 /* AuthViewController.swift in Sources */ = {isa = PBXBuildFile; fileRef = 4349F556298256F00071F0F6 /* AuthViewController.swift */; };
		4349F55A298589B50071F0F6 /* OAuthTokenResponseBody.swift in Sources */ = {isa = PBXBuildFile; fileRef = 4349F559298589B50071F0F6 /* OAuthTokenResponseBody.swift */; };
		4349F55C29858C640071F0F6 /* OAuth2Service.swift in Sources */ = {isa = PBXBuildFile; fileRef = 4349F55B29858C640071F0F6 /* OAuth2Service.swift */; };
		4349F55F298599EA0071F0F6 /* OAuth2TokenStorage.swift in Sources */ = {isa = PBXBuildFile; fileRef = 4349F55E298599EA0071F0F6 /* OAuth2TokenStorage.swift */; };
		4349F5612985AB0A0071F0F6 /* Profile.swift in Sources */ = {isa = PBXBuildFile; fileRef = 4349F5602985AB0A0071F0F6 /* Profile.swift */; };
		4349F5632985ADA20071F0F6 /* SplashViewController.swift in Sources */ = {isa = PBXBuildFile; fileRef = 4349F5622985ADA20071F0F6 /* SplashViewController.swift */; };
		4349F56829879D100071F0F6 /* URLRequest+extension.swift in Sources */ = {isa = PBXBuildFile; fileRef = 4349F56729879D100071F0F6 /* URLRequest+extension.swift */; };
		4349F56A29879EB10071F0F6 /* UIColor+extension.swift in Sources */ = {isa = PBXBuildFile; fileRef = 4349F56929879EB10071F0F6 /* UIColor+extension.swift */; };
		4349F56C2987A4680071F0F6 /* URLSession+extension.swift in Sources */ = {isa = PBXBuildFile; fileRef = 4349F56B2987A4680071F0F6 /* URLSession+extension.swift */; };
		436DAF47298E96DE002F43F8 /* ProgressHUD in Frameworks */ = {isa = PBXBuildFile; productRef = 436DAF46298E96DE002F43F8 /* ProgressHUD */; };
		4387444D29A26C5000402271 /* Kingfisher in Frameworks */ = {isa = PBXBuildFile; productRef = 4387444C29A26C5000402271 /* Kingfisher */; };
		4387445029A2A57B00402271 /* SwiftKeychainWrapper in Frameworks */ = {isa = PBXBuildFile; productRef = 4387444F29A2A57B00402271 /* SwiftKeychainWrapper */; };
		439977AF29C2CD6700C34172 /* WebViewPresenter.swift in Sources */ = {isa = PBXBuildFile; fileRef = 439977AE29C2CD6700C34172 /* WebViewPresenter.swift */; };
		439977B129C5739C00C34172 /* WebViewHelper.swift in Sources */ = {isa = PBXBuildFile; fileRef = 439977B029C5739C00C34172 /* WebViewHelper.swift */; };
		439977B929C590BA00C34172 /* WebViewTests.swift in Sources */ = {isa = PBXBuildFile; fileRef = 439977B829C590BA00C34172 /* WebViewTests.swift */; };
		439977C029C5929200C34172 /* WebViewPresenterSpy.swift in Sources */ = {isa = PBXBuildFile; fileRef = 439977BF29C5929200C34172 /* WebViewPresenterSpy.swift */; };
		439977C229C5972A00C34172 /* WebViewVCSpy.swift in Sources */ = {isa = PBXBuildFile; fileRef = 439977C129C5972A00C34172 /* WebViewVCSpy.swift */; };
		43BE590B2992C60B003A6D09 /* UIBlockProgressHUD.swift in Sources */ = {isa = PBXBuildFile; fileRef = 43BE590A2992C60B003A6D09 /* UIBlockProgressHUD.swift */; };
		43CA61652997D36400A724B1 /* ProfileService.swift in Sources */ = {isa = PBXBuildFile; fileRef = 43CA61642997D36400A724B1 /* ProfileService.swift */; };
		43CA616B2997EBCF00A724B1 /* ProfileResult.swift in Sources */ = {isa = PBXBuildFile; fileRef = 43CA616A2997EBCF00A724B1 /* ProfileResult.swift */; };
		43CA619D299B54C900A724B1 /* ProfileImageService.swift in Sources */ = {isa = PBXBuildFile; fileRef = 43CA619C299B54C900A724B1 /* ProfileImageService.swift */; };
		43CA619F299B588700A724B1 /* ProfileImageURL.swift in Sources */ = {isa = PBXBuildFile; fileRef = 43CA619E299B588700A724B1 /* ProfileImageURL.swift */; };
		43CA61A1299B6B6D00A724B1 /* NetworkClient.swift in Sources */ = {isa = PBXBuildFile; fileRef = 43CA61A0299B6B6D00A724B1 /* NetworkClient.swift */; };
		43E2394A29A65EFB006E92AA /* ProfileViewController.swift in Sources */ = {isa = PBXBuildFile; fileRef = 43E2394929A65EFB006E92AA /* ProfileViewController.swift */; };
		43E2394C29A664B1006E92AA /* TabBarController.swift in Sources */ = {isa = PBXBuildFile; fileRef = 43E2394B29A664B1006E92AA /* TabBarController.swift */; };
		43E2A543299FD8B8004FCAAC /* AlertPresenterProtocol.swift in Sources */ = {isa = PBXBuildFile; fileRef = 43E2A542299FD8B8004FCAAC /* AlertPresenterProtocol.swift */; };
		43E2A546299FD90C004FCAAC /* AlertPresenter.swift in Sources */ = {isa = PBXBuildFile; fileRef = 43E2A545299FD90C004FCAAC /* AlertPresenter.swift */; };
		43E2A548299FD942004FCAAC /* AlertPresenterDelegate.swift in Sources */ = {isa = PBXBuildFile; fileRef = 43E2A547299FD942004FCAAC /* AlertPresenterDelegate.swift */; };
		43F004C329AB87AE000737C4 /* ImageListService.swift in Sources */ = {isa = PBXBuildFile; fileRef = 43F004C229AB87AE000737C4 /* ImageListService.swift */; };
		43F004C529AB8895000737C4 /* PhotoViewModel.swift in Sources */ = {isa = PBXBuildFile; fileRef = 43F004C429AB8895000737C4 /* PhotoViewModel.swift */; };
		43F004C729AB91F4000737C4 /* PhotoResult.swift in Sources */ = {isa = PBXBuildFile; fileRef = 43F004C629AB91F4000737C4 /* PhotoResult.swift */; };
		43F5D9AF295ABD6F00BADC86 /* AppDelegate.swift in Sources */ = {isa = PBXBuildFile; fileRef = 43F5D9AE295ABD6F00BADC86 /* AppDelegate.swift */; };
		43F5D9B1295ABD6F00BADC86 /* SceneDelegate.swift in Sources */ = {isa = PBXBuildFile; fileRef = 43F5D9B0295ABD6F00BADC86 /* SceneDelegate.swift */; };
		43F5D9B3295ABD6F00BADC86 /* ImagesListViewController.swift in Sources */ = {isa = PBXBuildFile; fileRef = 43F5D9B2295ABD6F00BADC86 /* ImagesListViewController.swift */; };
		43F5D9B6295ABD6F00BADC86 /* Main.storyboard in Resources */ = {isa = PBXBuildFile; fileRef = 43F5D9B4295ABD6F00BADC86 /* Main.storyboard */; };
		43F5D9B8295ABD6F00BADC86 /* Assets.xcassets in Resources */ = {isa = PBXBuildFile; fileRef = 43F5D9B7295ABD6F00BADC86 /* Assets.xcassets */; };
		43F5D9BB295ABD6F00BADC86 /* LaunchScreen.storyboard in Resources */ = {isa = PBXBuildFile; fileRef = 43F5D9B9295ABD6F00BADC86 /* LaunchScreen.storyboard */; };
		43F5D9E3296561C500BADC86 /* ImageListCell.swift in Sources */ = {isa = PBXBuildFile; fileRef = 43F5D9E2296561C500BADC86 /* ImageListCell.swift */; };
		43F5D9EA2966952900BADC86 /* GradientView.swift in Sources */ = {isa = PBXBuildFile; fileRef = 43F5D9E92966952900BADC86 /* GradientView.swift */; };
		43F5D9EE296D26D000BADC86 /* SingleImageViewController.swift in Sources */ = {isa = PBXBuildFile; fileRef = 43F5D9ED296D26D000BADC86 /* SingleImageViewController.swift */; };
/* End PBXBuildFile section */

/* Begin PBXContainerItemProxy section */
		439977BA29C590BA00C34172 /* PBXContainerItemProxy */ = {
			isa = PBXContainerItemProxy;
			containerPortal = 43F5D9A3295ABD6F00BADC86 /* Project object */;
			proxyType = 1;
			remoteGlobalIDString = 43F5D9AA295ABD6F00BADC86;
			remoteInfo = ImageFeed;
		};
/* End PBXContainerItemProxy section */

/* Begin PBXFileReference section */
		4340013629A7C9E900AE4985 /* AuthViewControllerDelegate.swift */ = {isa = PBXFileReference; lastKnownFileType = sourcecode.swift; path = AuthViewControllerDelegate.swift; sourceTree = "<group>"; };
		4340013929A7CA7B00AE4985 /* WebViewViewControllerDelegate.swift */ = {isa = PBXFileReference; lastKnownFileType = sourcecode.swift; path = WebViewViewControllerDelegate.swift; sourceTree = "<group>"; };
		4349F54F297C77840071F0F6 /* Constants.swift */ = {isa = PBXFileReference; lastKnownFileType = sourcecode.swift; path = Constants.swift; sourceTree = "<group>"; };
		4349F5542980634B0071F0F6 /* WebViewViewController.swift */ = {isa = PBXFileReference; lastKnownFileType = sourcecode.swift; path = WebViewViewController.swift; sourceTree = "<group>"; };
		4349F556298256F00071F0F6 /* AuthViewController.swift */ = {isa = PBXFileReference; lastKnownFileType = sourcecode.swift; path = AuthViewController.swift; sourceTree = "<group>"; };
		4349F559298589B50071F0F6 /* OAuthTokenResponseBody.swift */ = {isa = PBXFileReference; lastKnownFileType = sourcecode.swift; path = OAuthTokenResponseBody.swift; sourceTree = "<group>"; };
		4349F55B29858C640071F0F6 /* OAuth2Service.swift */ = {isa = PBXFileReference; lastKnownFileType = sourcecode.swift; path = OAuth2Service.swift; sourceTree = "<group>"; };
		4349F55E298599EA0071F0F6 /* OAuth2TokenStorage.swift */ = {isa = PBXFileReference; lastKnownFileType = sourcecode.swift; path = OAuth2TokenStorage.swift; sourceTree = "<group>"; };
		4349F5602985AB0A0071F0F6 /* Profile.swift */ = {isa = PBXFileReference; lastKnownFileType = sourcecode.swift; path = Profile.swift; sourceTree = "<group>"; };
		4349F5622985ADA20071F0F6 /* SplashViewController.swift */ = {isa = PBXFileReference; lastKnownFileType = sourcecode.swift; path = SplashViewController.swift; sourceTree = "<group>"; };
		4349F56729879D100071F0F6 /* URLRequest+extension.swift */ = {isa = PBXFileReference; lastKnownFileType = sourcecode.swift; path = "URLRequest+extension.swift"; sourceTree = "<group>"; };
		4349F56929879EB10071F0F6 /* UIColor+extension.swift */ = {isa = PBXFileReference; lastKnownFileType = sourcecode.swift; path = "UIColor+extension.swift"; sourceTree = "<group>"; };
		4349F56B2987A4680071F0F6 /* URLSession+extension.swift */ = {isa = PBXFileReference; lastKnownFileType = sourcecode.swift; path = "URLSession+extension.swift"; sourceTree = "<group>"; };
		439977AE29C2CD6700C34172 /* WebViewPresenter.swift */ = {isa = PBXFileReference; lastKnownFileType = sourcecode.swift; path = WebViewPresenter.swift; sourceTree = "<group>"; };
		439977B029C5739C00C34172 /* WebViewHelper.swift */ = {isa = PBXFileReference; lastKnownFileType = sourcecode.swift; path = WebViewHelper.swift; sourceTree = "<group>"; };
		439977B629C590BA00C34172 /* ImageFeedTests.xctest */ = {isa = PBXFileReference; explicitFileType = wrapper.cfbundle; includeInIndex = 0; path = ImageFeedTests.xctest; sourceTree = BUILT_PRODUCTS_DIR; };
		439977B829C590BA00C34172 /* WebViewTests.swift */ = {isa = PBXFileReference; lastKnownFileType = sourcecode.swift; path = WebViewTests.swift; sourceTree = "<group>"; };
		439977BF29C5929200C34172 /* WebViewPresenterSpy.swift */ = {isa = PBXFileReference; lastKnownFileType = sourcecode.swift; path = WebViewPresenterSpy.swift; sourceTree = "<group>"; };
		439977C129C5972A00C34172 /* WebViewVCSpy.swift */ = {isa = PBXFileReference; lastKnownFileType = sourcecode.swift; path = WebViewVCSpy.swift; sourceTree = "<group>"; };
		43BE590A2992C60B003A6D09 /* UIBlockProgressHUD.swift */ = {isa = PBXFileReference; lastKnownFileType = sourcecode.swift; path = UIBlockProgressHUD.swift; sourceTree = "<group>"; };
		43CA61642997D36400A724B1 /* ProfileService.swift */ = {isa = PBXFileReference; lastKnownFileType = sourcecode.swift; path = ProfileService.swift; sourceTree = "<group>"; };
		43CA616A2997EBCF00A724B1 /* ProfileResult.swift */ = {isa = PBXFileReference; lastKnownFileType = sourcecode.swift; path = ProfileResult.swift; sourceTree = "<group>"; };
		43CA619C299B54C900A724B1 /* ProfileImageService.swift */ = {isa = PBXFileReference; lastKnownFileType = sourcecode.swift; path = ProfileImageService.swift; sourceTree = "<group>"; };
		43CA619E299B588700A724B1 /* ProfileImageURL.swift */ = {isa = PBXFileReference; lastKnownFileType = sourcecode.swift; path = ProfileImageURL.swift; sourceTree = "<group>"; };
		43CA61A0299B6B6D00A724B1 /* NetworkClient.swift */ = {isa = PBXFileReference; lastKnownFileType = sourcecode.swift; path = NetworkClient.swift; sourceTree = "<group>"; };
		43E2394929A65EFB006E92AA /* ProfileViewController.swift */ = {isa = PBXFileReference; lastKnownFileType = sourcecode.swift; path = ProfileViewController.swift; sourceTree = "<group>"; };
		43E2394B29A664B1006E92AA /* TabBarController.swift */ = {isa = PBXFileReference; lastKnownFileType = sourcecode.swift; path = TabBarController.swift; sourceTree = "<group>"; };
		43E2A542299FD8B8004FCAAC /* AlertPresenterProtocol.swift */ = {isa = PBXFileReference; lastKnownFileType = sourcecode.swift; path = AlertPresenterProtocol.swift; sourceTree = "<group>"; };
		43E2A545299FD90C004FCAAC /* AlertPresenter.swift */ = {isa = PBXFileReference; lastKnownFileType = sourcecode.swift; path = AlertPresenter.swift; sourceTree = "<group>"; };
		43E2A547299FD942004FCAAC /* AlertPresenterDelegate.swift */ = {isa = PBXFileReference; lastKnownFileType = sourcecode.swift; path = AlertPresenterDelegate.swift; sourceTree = "<group>"; };
		43F004C229AB87AE000737C4 /* ImageListService.swift */ = {isa = PBXFileReference; lastKnownFileType = sourcecode.swift; path = ImageListService.swift; sourceTree = "<group>"; };
		43F004C429AB8895000737C4 /* PhotoViewModel.swift */ = {isa = PBXFileReference; lastKnownFileType = sourcecode.swift; path = PhotoViewModel.swift; sourceTree = "<group>"; };
		43F004C629AB91F4000737C4 /* PhotoResult.swift */ = {isa = PBXFileReference; lastKnownFileType = sourcecode.swift; path = PhotoResult.swift; sourceTree = "<group>"; };
		43F5D9AB295ABD6F00BADC86 /* ImageFeed.app */ = {isa = PBXFileReference; explicitFileType = wrapper.application; includeInIndex = 0; path = ImageFeed.app; sourceTree = BUILT_PRODUCTS_DIR; };
		43F5D9AE295ABD6F00BADC86 /* AppDelegate.swift */ = {isa = PBXFileReference; lastKnownFileType = sourcecode.swift; path = AppDelegate.swift; sourceTree = "<group>"; };
		43F5D9B0295ABD6F00BADC86 /* SceneDelegate.swift */ = {isa = PBXFileReference; lastKnownFileType = sourcecode.swift; path = SceneDelegate.swift; sourceTree = "<group>"; };
		43F5D9B2295ABD6F00BADC86 /* ImagesListViewController.swift */ = {isa = PBXFileReference; lastKnownFileType = sourcecode.swift; path = ImagesListViewController.swift; sourceTree = "<group>"; };
		43F5D9B5295ABD6F00BADC86 /* Base */ = {isa = PBXFileReference; lastKnownFileType = file.storyboard; name = Base; path = Base.lproj/Main.storyboard; sourceTree = "<group>"; };
		43F5D9B7295ABD6F00BADC86 /* Assets.xcassets */ = {isa = PBXFileReference; lastKnownFileType = folder.assetcatalog; path = Assets.xcassets; sourceTree = "<group>"; };
		43F5D9BA295ABD6F00BADC86 /* Base */ = {isa = PBXFileReference; lastKnownFileType = file.storyboard; name = Base; path = Base.lproj/LaunchScreen.storyboard; sourceTree = "<group>"; };
		43F5D9BC295ABD6F00BADC86 /* Info.plist */ = {isa = PBXFileReference; lastKnownFileType = text.plist.xml; path = Info.plist; sourceTree = "<group>"; };
		43F5D9E2296561C500BADC86 /* ImageListCell.swift */ = {isa = PBXFileReference; lastKnownFileType = sourcecode.swift; path = ImageListCell.swift; sourceTree = "<group>"; };
		43F5D9E92966952900BADC86 /* GradientView.swift */ = {isa = PBXFileReference; lastKnownFileType = sourcecode.swift; path = GradientView.swift; sourceTree = "<group>"; };
		43F5D9ED296D26D000BADC86 /* SingleImageViewController.swift */ = {isa = PBXFileReference; lastKnownFileType = sourcecode.swift; path = SingleImageViewController.swift; sourceTree = "<group>"; };
/* End PBXFileReference section */

/* Begin PBXFrameworksBuildPhase section */
		439977B329C590BA00C34172 /* Frameworks */ = {
			isa = PBXFrameworksBuildPhase;
			buildActionMask = 2147483647;
			files = (
			);
			runOnlyForDeploymentPostprocessing = 0;
		};
		43F5D9A8295ABD6F00BADC86 /* Frameworks */ = {
			isa = PBXFrameworksBuildPhase;
			buildActionMask = 2147483647;
			files = (
				4387444D29A26C5000402271 /* Kingfisher in Frameworks */,
				436DAF47298E96DE002F43F8 /* ProgressHUD in Frameworks */,
				4387445029A2A57B00402271 /* SwiftKeychainWrapper in Frameworks */,
			);
			runOnlyForDeploymentPostprocessing = 0;
		};
/* End PBXFrameworksBuildPhase section */

/* Begin PBXGroup section */
		4340013829A7CA4800AE4985 /* WebViewVC */ = {
			isa = PBXGroup;
			children = (
				4349F5542980634B0071F0F6 /* WebViewViewController.swift */,
				4340013929A7CA7B00AE4985 /* WebViewViewControllerDelegate.swift */,
				439977AE29C2CD6700C34172 /* WebViewPresenter.swift */,
				439977B029C5739C00C34172 /* WebViewHelper.swift */,
			);
			path = WebViewVC;
			sourceTree = "<group>";
		};
		4349F5532980629D0071F0F6 /* AuthVC */ = {
			isa = PBXGroup;
			children = (
				4349F556298256F00071F0F6 /* AuthViewController.swift */,
				4340013629A7C9E900AE4985 /* AuthViewControllerDelegate.swift */,
			);
			path = AuthVC;
			sourceTree = "<group>";
		};
		4349F5582985897B0071F0F6 /* Models */ = {
			isa = PBXGroup;
			children = (
				4349F559298589B50071F0F6 /* OAuthTokenResponseBody.swift */,
				43CA616A2997EBCF00A724B1 /* ProfileResult.swift */,
				43CA619E299B588700A724B1 /* ProfileImageURL.swift */,
				4349F5602985AB0A0071F0F6 /* Profile.swift */,
				43F004C429AB8895000737C4 /* PhotoViewModel.swift */,
				43F004C629AB91F4000737C4 /* PhotoResult.swift */,
			);
			path = Models;
			sourceTree = "<group>";
		};
		4349F55D29858C6B0071F0F6 /* Services */ = {
			isa = PBXGroup;
			children = (
				4349F55B29858C640071F0F6 /* OAuth2Service.swift */,
				4349F55E298599EA0071F0F6 /* OAuth2TokenStorage.swift */,
				43CA61642997D36400A724B1 /* ProfileService.swift */,
				43CA619C299B54C900A724B1 /* ProfileImageService.swift */,
				43CA61A0299B6B6D00A724B1 /* NetworkClient.swift */,
				43F004C229AB87AE000737C4 /* ImageListService.swift */,
			);
			path = Services;
			sourceTree = "<group>";
		};
		4349F56629879CE80071F0F6 /* Helpers */ = {
			isa = PBXGroup;
			children = (
				4349F56729879D100071F0F6 /* URLRequest+extension.swift */,
				4349F56929879EB10071F0F6 /* UIColor+extension.swift */,
				4349F56B2987A4680071F0F6 /* URLSession+extension.swift */,
				43BE590A2992C60B003A6D09 /* UIBlockProgressHUD.swift */,
			);
			path = Helpers;
			sourceTree = "<group>";
		};
		439977B729C590BA00C34172 /* ImageFeedTests */ = {
			isa = PBXGroup;
			children = (
				439977B829C590BA00C34172 /* WebViewTests.swift */,
				439977BF29C5929200C34172 /* WebViewPresenterSpy.swift */,
				439977C129C5972A00C34172 /* WebViewVCSpy.swift */,
			);
			path = ImageFeedTests;
			sourceTree = "<group>";
		};
		43D3BF9029A656FB005569B5 /* ProfileVC */ = {
			isa = PBXGroup;
			children = (
				43E2394929A65EFB006E92AA /* ProfileViewController.swift */,
			);
			path = ProfileVC;
			sourceTree = "<group>";
		};
		43E2A53F299FD7FC004FCAAC /* Prisentation */ = {
			isa = PBXGroup;
			children = (
				43E2A544299FD8EA004FCAAC /* Alerts */,
			);
			path = Prisentation;
			sourceTree = "<group>";
		};
		43E2A544299FD8EA004FCAAC /* Alerts */ = {
			isa = PBXGroup;
			children = (
				43E2A542299FD8B8004FCAAC /* AlertPresenterProtocol.swift */,
				43E2A545299FD90C004FCAAC /* AlertPresenter.swift */,
				43E2A547299FD942004FCAAC /* AlertPresenterDelegate.swift */,
			);
			path = Alerts;
			sourceTree = "<group>";
		};
		43F5D9A2295ABD6F00BADC86 = {
			isa = PBXGroup;
			children = (
				43F5D9AD295ABD6F00BADC86 /* ImageFeed */,
				439977B729C590BA00C34172 /* ImageFeedTests */,
				43F5D9AC295ABD6F00BADC86 /* Products */,
			);
			sourceTree = "<group>";
		};
		43F5D9AC295ABD6F00BADC86 /* Products */ = {
			isa = PBXGroup;
			children = (
				43F5D9AB295ABD6F00BADC86 /* ImageFeed.app */,
				439977B629C590BA00C34172 /* ImageFeedTests.xctest */,
			);
			name = Products;
			sourceTree = "<group>";
		};
		43F5D9AD295ABD6F00BADC86 /* ImageFeed */ = {
			isa = PBXGroup;
			children = (
				43E2A53F299FD7FC004FCAAC /* Prisentation */,
				4349F5582985897B0071F0F6 /* Models */,
				4349F55D29858C6B0071F0F6 /* Services */,
				43F5D9E62965626A00BADC86 /* ViewControllers */,
				43F5D9E4296561D100BADC86 /* Storyboards */,
				4349F56629879CE80071F0F6 /* Helpers */,
				43F5D9E8296562FD00BADC86 /* Resources */,
				43F5D9E7296562E000BADC86 /* App */,
			);
			path = ImageFeed;
			sourceTree = "<group>";
		};
		43F5D9E4296561D100BADC86 /* Storyboards */ = {
			isa = PBXGroup;
			children = (
				43F5D9B9295ABD6F00BADC86 /* LaunchScreen.storyboard */,
				43F5D9B4295ABD6F00BADC86 /* Main.storyboard */,
			);
			path = Storyboards;
			sourceTree = "<group>";
		};
		43F5D9E52965621700BADC86 /* ImagesListVC */ = {
			isa = PBXGroup;
			children = (
				43F5D9E2296561C500BADC86 /* ImageListCell.swift */,
				43F5D9B2295ABD6F00BADC86 /* ImagesListViewController.swift */,
				43F5D9E92966952900BADC86 /* GradientView.swift */,
			);
			path = ImagesListVC;
			sourceTree = "<group>";
		};
		43F5D9E62965626A00BADC86 /* ViewControllers */ = {
			isa = PBXGroup;
			children = (
				4349F5532980629D0071F0F6 /* AuthVC */,
				4340013829A7CA4800AE4985 /* WebViewVC */,
				43F5D9E52965621700BADC86 /* ImagesListVC */,
				43D3BF9029A656FB005569B5 /* ProfileVC */,
				43F5D9ED296D26D000BADC86 /* SingleImageViewController.swift */,
				4349F5622985ADA20071F0F6 /* SplashViewController.swift */,
				43E2394B29A664B1006E92AA /* TabBarController.swift */,
			);
			path = ViewControllers;
			sourceTree = "<group>";
		};
		43F5D9E7296562E000BADC86 /* App */ = {
			isa = PBXGroup;
			children = (
				43F5D9B0295ABD6F00BADC86 /* SceneDelegate.swift */,
				43F5D9AE295ABD6F00BADC86 /* AppDelegate.swift */,
				43F5D9BC295ABD6F00BADC86 /* Info.plist */,
			);
			path = App;
			sourceTree = "<group>";
		};
		43F5D9E8296562FD00BADC86 /* Resources */ = {
			isa = PBXGroup;
			children = (
				43F5D9B7295ABD6F00BADC86 /* Assets.xcassets */,
				4349F54F297C77840071F0F6 /* Constants.swift */,
			);
			path = Resources;
			sourceTree = "<group>";
		};
/* End PBXGroup section */

/* Begin PBXNativeTarget section */
		439977B529C590BA00C34172 /* ImageFeedTests */ = {
			isa = PBXNativeTarget;
			buildConfigurationList = 439977BC29C590BA00C34172 /* Build configuration list for PBXNativeTarget "ImageFeedTests" */;
			buildPhases = (
				439977B229C590BA00C34172 /* Sources */,
				439977B329C590BA00C34172 /* Frameworks */,
				439977B429C590BA00C34172 /* Resources */,
			);
			buildRules = (
			);
			dependencies = (
				439977BB29C590BA00C34172 /* PBXTargetDependency */,
			);
			name = ImageFeedTests;
			productName = ImageFeedTests;
			productReference = 439977B629C590BA00C34172 /* ImageFeedTests.xctest */;
			productType = "com.apple.product-type.bundle.unit-test";
		};
		43F5D9AA295ABD6F00BADC86 /* ImageFeed */ = {
			isa = PBXNativeTarget;
			buildConfigurationList = 43F5D9BF295ABD6F00BADC86 /* Build configuration list for PBXNativeTarget "ImageFeed" */;
			buildPhases = (
				43F5D9A7295ABD6F00BADC86 /* Sources */,
				43F5D9A8295ABD6F00BADC86 /* Frameworks */,
				43F5D9A9295ABD6F00BADC86 /* Resources */,
			);
			buildRules = (
			);
			dependencies = (
			);
			name = ImageFeed;
			packageProductDependencies = (
				436DAF46298E96DE002F43F8 /* ProgressHUD */,
				4387444C29A26C5000402271 /* Kingfisher */,
				4387444F29A2A57B00402271 /* SwiftKeychainWrapper */,
			);
			productName = ImageFeed;
			productReference = 43F5D9AB295ABD6F00BADC86 /* ImageFeed.app */;
			productType = "com.apple.product-type.application";
		};
/* End PBXNativeTarget section */

/* Begin PBXProject section */
		43F5D9A3295ABD6F00BADC86 /* Project object */ = {
			isa = PBXProject;
			attributes = {
				BuildIndependentTargetsInParallel = 1;
				LastSwiftUpdateCheck = 1420;
				LastUpgradeCheck = 1340;
				TargetAttributes = {
					439977B529C590BA00C34172 = {
						CreatedOnToolsVersion = 14.2;
						TestTargetID = 43F5D9AA295ABD6F00BADC86;
					};
					43F5D9AA295ABD6F00BADC86 = {
						CreatedOnToolsVersion = 13.4.1;
					};
				};
			};
			buildConfigurationList = 43F5D9A6295ABD6F00BADC86 /* Build configuration list for PBXProject "ImageFeed" */;
			compatibilityVersion = "Xcode 13.0";
			developmentRegion = en;
			hasScannedForEncodings = 0;
			knownRegions = (
				en,
				Base,
			);
			mainGroup = 43F5D9A2295ABD6F00BADC86;
			packageReferences = (
				436DAF45298E96DE002F43F8 /* XCRemoteSwiftPackageReference "ProgressHUD" */,
				4387444B29A26C5000402271 /* XCRemoteSwiftPackageReference "Kingfisher" */,
				4387444E29A2A57B00402271 /* XCRemoteSwiftPackageReference "SwiftKeychainWrapper" */,
			);
			productRefGroup = 43F5D9AC295ABD6F00BADC86 /* Products */;
			projectDirPath = "";
			projectRoot = "";
			targets = (
				43F5D9AA295ABD6F00BADC86 /* ImageFeed */,
				439977B529C590BA00C34172 /* ImageFeedTests */,
			);
		};
/* End PBXProject section */

/* Begin PBXResourcesBuildPhase section */
		439977B429C590BA00C34172 /* Resources */ = {
			isa = PBXResourcesBuildPhase;
			buildActionMask = 2147483647;
			files = (
			);
			runOnlyForDeploymentPostprocessing = 0;
		};
		43F5D9A9295ABD6F00BADC86 /* Resources */ = {
			isa = PBXResourcesBuildPhase;
			buildActionMask = 2147483647;
			files = (
				43F5D9BB295ABD6F00BADC86 /* LaunchScreen.storyboard in Resources */,
				43F5D9B8295ABD6F00BADC86 /* Assets.xcassets in Resources */,
				43F5D9B6295ABD6F00BADC86 /* Main.storyboard in Resources */,
			);
			runOnlyForDeploymentPostprocessing = 0;
		};
/* End PBXResourcesBuildPhase section */

/* Begin PBXSourcesBuildPhase section */
		439977B229C590BA00C34172 /* Sources */ = {
			isa = PBXSourcesBuildPhase;
			buildActionMask = 2147483647;
			files = (
				439977B929C590BA00C34172 /* WebViewTests.swift in Sources */,
				439977C029C5929200C34172 /* WebViewPresenterSpy.swift in Sources */,
				439977C229C5972A00C34172 /* WebViewVCSpy.swift in Sources */,
			);
			runOnlyForDeploymentPostprocessing = 0;
		};
		43F5D9A7295ABD6F00BADC86 /* Sources */ = {
			isa = PBXSourcesBuildPhase;
			buildActionMask = 2147483647;
			files = (
				43F004C729AB91F4000737C4 /* PhotoResult.swift in Sources */,
				4349F56C2987A4680071F0F6 /* URLSession+extension.swift in Sources */,
				43F004C329AB87AE000737C4 /* ImageListService.swift in Sources */,
				4349F557298256F00071F0F6 /* AuthViewController.swift in Sources */,
				439977B129C5739C00C34172 /* WebViewHelper.swift in Sources */,
				4349F56829879D100071F0F6 /* URLRequest+extension.swift in Sources */,
				4349F5612985AB0A0071F0F6 /* Profile.swift in Sources */,
				4349F5552980634B0071F0F6 /* WebViewViewController.swift in Sources */,
				4349F55C29858C640071F0F6 /* OAuth2Service.swift in Sources */,
				439977AF29C2CD6700C34172 /* WebViewPresenter.swift in Sources */,
				43CA61A1299B6B6D00A724B1 /* NetworkClient.swift in Sources */,
				43CA619F299B588700A724B1 /* ProfileImageURL.swift in Sources */,
				43F5D9B3295ABD6F00BADC86 /* ImagesListViewController.swift in Sources */,
				43F5D9E3296561C500BADC86 /* ImageListCell.swift in Sources */,
				43E2A548299FD942004FCAAC /* AlertPresenterDelegate.swift in Sources */,
				43E2394A29A65EFB006E92AA /* ProfileViewController.swift in Sources */,
				4349F55F298599EA0071F0F6 /* OAuth2TokenStorage.swift in Sources */,
				4340013A29A7CA7B00AE4985 /* WebViewViewControllerDelegate.swift in Sources */,
				4349F55A298589B50071F0F6 /* OAuthTokenResponseBody.swift in Sources */,
				43F004C529AB8895000737C4 /* PhotoViewModel.swift in Sources */,
				43CA619D299B54C900A724B1 /* ProfileImageService.swift in Sources */,
				43E2A546299FD90C004FCAAC /* AlertPresenter.swift in Sources */,
				43F5D9EE296D26D000BADC86 /* SingleImageViewController.swift in Sources */,
				43CA616B2997EBCF00A724B1 /* ProfileResult.swift in Sources */,
				4340013729A7C9E900AE4985 /* AuthViewControllerDelegate.swift in Sources */,
				43E2394C29A664B1006E92AA /* TabBarController.swift in Sources */,
				43F5D9EA2966952900BADC86 /* GradientView.swift in Sources */,
				43F5D9AF295ABD6F00BADC86 /* AppDelegate.swift in Sources */,
				43F5D9B1295ABD6F00BADC86 /* SceneDelegate.swift in Sources */,
				4349F550297C77840071F0F6 /* Constants.swift in Sources */,
				43E2A543299FD8B8004FCAAC /* AlertPresenterProtocol.swift in Sources */,
				4349F5632985ADA20071F0F6 /* SplashViewController.swift in Sources */,
				43BE590B2992C60B003A6D09 /* UIBlockProgressHUD.swift in Sources */,
				4349F56A29879EB10071F0F6 /* UIColor+extension.swift in Sources */,
				43CA61652997D36400A724B1 /* ProfileService.swift in Sources */,
			);
			runOnlyForDeploymentPostprocessing = 0;
		};
/* End PBXSourcesBuildPhase section */

/* Begin PBXTargetDependency section */
		439977BB29C590BA00C34172 /* PBXTargetDependency */ = {
			isa = PBXTargetDependency;
			target = 43F5D9AA295ABD6F00BADC86 /* ImageFeed */;
			targetProxy = 439977BA29C590BA00C34172 /* PBXContainerItemProxy */;
		};
/* End PBXTargetDependency section */

/* Begin PBXVariantGroup section */
		43F5D9B4295ABD6F00BADC86 /* Main.storyboard */ = {
			isa = PBXVariantGroup;
			children = (
				43F5D9B5295ABD6F00BADC86 /* Base */,
			);
			name = Main.storyboard;
			sourceTree = "<group>";
		};
		43F5D9B9295ABD6F00BADC86 /* LaunchScreen.storyboard */ = {
			isa = PBXVariantGroup;
			children = (
				43F5D9BA295ABD6F00BADC86 /* Base */,
			);
			name = LaunchScreen.storyboard;
			sourceTree = "<group>";
		};
/* End PBXVariantGroup section */

/* Begin XCBuildConfiguration section */
		439977BD29C590BA00C34172 /* Debug */ = {
			isa = XCBuildConfiguration;
			buildSettings = {
				BUNDLE_LOADER = "$(TEST_HOST)";
				CLANG_CXX_LANGUAGE_STANDARD = "gnu++20";
				CODE_SIGN_STYLE = Automatic;
				CURRENT_PROJECT_VERSION = 1;
				DEVELOPMENT_TEAM = 5VBQ98K5MQ;
				GENERATE_INFOPLIST_FILE = YES;
				IPHONEOS_DEPLOYMENT_TARGET = 16.2;
				MARKETING_VERSION = 1.0;
				PRODUCT_BUNDLE_IDENTIFIER = K2.ImageFeedTests;
				PRODUCT_NAME = "$(TARGET_NAME)";
				SWIFT_EMIT_LOC_STRINGS = NO;
				SWIFT_VERSION = 5.0;
				TARGETED_DEVICE_FAMILY = "1,2";
				TEST_HOST = "$(BUILT_PRODUCTS_DIR)/ImageFeed.app/$(BUNDLE_EXECUTABLE_FOLDER_PATH)/ImageFeed";
			};
			name = Debug;
		};
		439977BE29C590BA00C34172 /* Release */ = {
			isa = XCBuildConfiguration;
			buildSettings = {
				BUNDLE_LOADER = "$(TEST_HOST)";
				CLANG_CXX_LANGUAGE_STANDARD = "gnu++20";
				CODE_SIGN_STYLE = Automatic;
				CURRENT_PROJECT_VERSION = 1;
				DEVELOPMENT_TEAM = 5VBQ98K5MQ;
				GENERATE_INFOPLIST_FILE = YES;
				IPHONEOS_DEPLOYMENT_TARGET = 16.2;
				MARKETING_VERSION = 1.0;
				PRODUCT_BUNDLE_IDENTIFIER = K2.ImageFeedTests;
				PRODUCT_NAME = "$(TARGET_NAME)";
				SWIFT_EMIT_LOC_STRINGS = NO;
				SWIFT_VERSION = 5.0;
				TARGETED_DEVICE_FAMILY = "1,2";
				TEST_HOST = "$(BUILT_PRODUCTS_DIR)/ImageFeed.app/$(BUNDLE_EXECUTABLE_FOLDER_PATH)/ImageFeed";
			};
			name = Release;
		};
		43F5D9BD295ABD6F00BADC86 /* Debug */ = {
			isa = XCBuildConfiguration;
			buildSettings = {
				ALWAYS_SEARCH_USER_PATHS = NO;
				CLANG_ANALYZER_NONNULL = YES;
				CLANG_ANALYZER_NUMBER_OBJECT_CONVERSION = YES_AGGRESSIVE;
				CLANG_CXX_LANGUAGE_STANDARD = "gnu++17";
				CLANG_ENABLE_MODULES = YES;
				CLANG_ENABLE_OBJC_ARC = YES;
				CLANG_ENABLE_OBJC_WEAK = YES;
				CLANG_WARN_BLOCK_CAPTURE_AUTORELEASING = YES;
				CLANG_WARN_BOOL_CONVERSION = YES;
				CLANG_WARN_COMMA = YES;
				CLANG_WARN_CONSTANT_CONVERSION = YES;
				CLANG_WARN_DEPRECATED_OBJC_IMPLEMENTATIONS = YES;
				CLANG_WARN_DIRECT_OBJC_ISA_USAGE = YES_ERROR;
				CLANG_WARN_DOCUMENTATION_COMMENTS = YES;
				CLANG_WARN_EMPTY_BODY = YES;
				CLANG_WARN_ENUM_CONVERSION = YES;
				CLANG_WARN_INFINITE_RECURSION = YES;
				CLANG_WARN_INT_CONVERSION = YES;
				CLANG_WARN_NON_LITERAL_NULL_CONVERSION = YES;
				CLANG_WARN_OBJC_IMPLICIT_RETAIN_SELF = YES;
				CLANG_WARN_OBJC_LITERAL_CONVERSION = YES;
				CLANG_WARN_OBJC_ROOT_CLASS = YES_ERROR;
				CLANG_WARN_QUOTED_INCLUDE_IN_FRAMEWORK_HEADER = YES;
				CLANG_WARN_RANGE_LOOP_ANALYSIS = YES;
				CLANG_WARN_STRICT_PROTOTYPES = YES;
				CLANG_WARN_SUSPICIOUS_MOVE = YES;
				CLANG_WARN_UNGUARDED_AVAILABILITY = YES_AGGRESSIVE;
				CLANG_WARN_UNREACHABLE_CODE = YES;
				CLANG_WARN__DUPLICATE_METHOD_MATCH = YES;
				COPY_PHASE_STRIP = NO;
				DEBUG_INFORMATION_FORMAT = dwarf;
				ENABLE_STRICT_OBJC_MSGSEND = YES;
				ENABLE_TESTABILITY = YES;
				GCC_C_LANGUAGE_STANDARD = gnu11;
				GCC_DYNAMIC_NO_PIC = NO;
				GCC_NO_COMMON_BLOCKS = YES;
				GCC_OPTIMIZATION_LEVEL = 0;
				GCC_PREPROCESSOR_DEFINITIONS = (
					"DEBUG=1",
					"$(inherited)",
				);
				GCC_WARN_64_TO_32_BIT_CONVERSION = YES;
				GCC_WARN_ABOUT_RETURN_TYPE = YES_ERROR;
				GCC_WARN_UNDECLARED_SELECTOR = YES;
				GCC_WARN_UNINITIALIZED_AUTOS = YES_AGGRESSIVE;
				GCC_WARN_UNUSED_FUNCTION = YES;
				GCC_WARN_UNUSED_VARIABLE = YES;
				IPHONEOS_DEPLOYMENT_TARGET = 13.0;
				MTL_ENABLE_DEBUG_INFO = INCLUDE_SOURCE;
				MTL_FAST_MATH = YES;
				ONLY_ACTIVE_ARCH = YES;
				SDKROOT = iphoneos;
				SWIFT_ACTIVE_COMPILATION_CONDITIONS = DEBUG;
				SWIFT_OPTIMIZATION_LEVEL = "-Onone";
			};
			name = Debug;
		};
		43F5D9BE295ABD6F00BADC86 /* Release */ = {
			isa = XCBuildConfiguration;
			buildSettings = {
				ALWAYS_SEARCH_USER_PATHS = NO;
				CLANG_ANALYZER_NONNULL = YES;
				CLANG_ANALYZER_NUMBER_OBJECT_CONVERSION = YES_AGGRESSIVE;
				CLANG_CXX_LANGUAGE_STANDARD = "gnu++17";
				CLANG_ENABLE_MODULES = YES;
				CLANG_ENABLE_OBJC_ARC = YES;
				CLANG_ENABLE_OBJC_WEAK = YES;
				CLANG_WARN_BLOCK_CAPTURE_AUTORELEASING = YES;
				CLANG_WARN_BOOL_CONVERSION = YES;
				CLANG_WARN_COMMA = YES;
				CLANG_WARN_CONSTANT_CONVERSION = YES;
				CLANG_WARN_DEPRECATED_OBJC_IMPLEMENTATIONS = YES;
				CLANG_WARN_DIRECT_OBJC_ISA_USAGE = YES_ERROR;
				CLANG_WARN_DOCUMENTATION_COMMENTS = YES;
				CLANG_WARN_EMPTY_BODY = YES;
				CLANG_WARN_ENUM_CONVERSION = YES;
				CLANG_WARN_INFINITE_RECURSION = YES;
				CLANG_WARN_INT_CONVERSION = YES;
				CLANG_WARN_NON_LITERAL_NULL_CONVERSION = YES;
				CLANG_WARN_OBJC_IMPLICIT_RETAIN_SELF = YES;
				CLANG_WARN_OBJC_LITERAL_CONVERSION = YES;
				CLANG_WARN_OBJC_ROOT_CLASS = YES_ERROR;
				CLANG_WARN_QUOTED_INCLUDE_IN_FRAMEWORK_HEADER = YES;
				CLANG_WARN_RANGE_LOOP_ANALYSIS = YES;
				CLANG_WARN_STRICT_PROTOTYPES = YES;
				CLANG_WARN_SUSPICIOUS_MOVE = YES;
				CLANG_WARN_UNGUARDED_AVAILABILITY = YES_AGGRESSIVE;
				CLANG_WARN_UNREACHABLE_CODE = YES;
				CLANG_WARN__DUPLICATE_METHOD_MATCH = YES;
				COPY_PHASE_STRIP = NO;
				DEBUG_INFORMATION_FORMAT = "dwarf-with-dsym";
				ENABLE_NS_ASSERTIONS = NO;
				ENABLE_STRICT_OBJC_MSGSEND = YES;
				GCC_C_LANGUAGE_STANDARD = gnu11;
				GCC_NO_COMMON_BLOCKS = YES;
				GCC_WARN_64_TO_32_BIT_CONVERSION = YES;
				GCC_WARN_ABOUT_RETURN_TYPE = YES_ERROR;
				GCC_WARN_UNDECLARED_SELECTOR = YES;
				GCC_WARN_UNINITIALIZED_AUTOS = YES_AGGRESSIVE;
				GCC_WARN_UNUSED_FUNCTION = YES;
				GCC_WARN_UNUSED_VARIABLE = YES;
				IPHONEOS_DEPLOYMENT_TARGET = 13.0;
				MTL_ENABLE_DEBUG_INFO = NO;
				MTL_FAST_MATH = YES;
				SDKROOT = iphoneos;
				SWIFT_COMPILATION_MODE = wholemodule;
				SWIFT_OPTIMIZATION_LEVEL = "-O";
				VALIDATE_PRODUCT = YES;
			};
			name = Release;
		};
		43F5D9C0295ABD6F00BADC86 /* Debug */ = {
			isa = XCBuildConfiguration;
			buildSettings = {
				ASSETCATALOG_COMPILER_APPICON_NAME = AppIcon;
				ASSETCATALOG_COMPILER_GLOBAL_ACCENT_COLOR_NAME = AccentColor;
				CODE_SIGN_STYLE = Automatic;
				CURRENT_PROJECT_VERSION = 1;
				DEVELOPMENT_TEAM = 5VBQ98K5MQ;
				GENERATE_INFOPLIST_FILE = YES;
				INFOPLIST_FILE = ImageFeed/App/Info.plist;
				INFOPLIST_KEY_UIApplicationSupportsIndirectInputEvents = YES;
				INFOPLIST_KEY_UILaunchStoryboardName = LaunchScreen;
				INFOPLIST_KEY_UIMainStoryboardFile = Main;
				INFOPLIST_KEY_UISupportedInterfaceOrientations = UIInterfaceOrientationPortrait;
				INFOPLIST_KEY_UISupportedInterfaceOrientations_iPad = "UIInterfaceOrientationPortrait UIInterfaceOrientationPortraitUpsideDown UIInterfaceOrientationLandscapeLeft UIInterfaceOrientationLandscapeRight";
				INFOPLIST_KEY_UISupportedInterfaceOrientations_iPhone = UIInterfaceOrientationPortrait;
				IPHONEOS_DEPLOYMENT_TARGET = 13.0;
				LD_RUNPATH_SEARCH_PATHS = (
					"$(inherited)",
					"@executable_path/Frameworks",
				);
				MARKETING_VERSION = 1.0;
				PRODUCT_BUNDLE_IDENTIFIER = K2.ImageFeed;
				PRODUCT_NAME = "$(TARGET_NAME)";
				SWIFT_EMIT_LOC_STRINGS = YES;
				SWIFT_VERSION = 5.0;
				TARGETED_DEVICE_FAMILY = 1;
			};
			name = Debug;
		};
		43F5D9C1295ABD6F00BADC86 /* Release */ = {
			isa = XCBuildConfiguration;
			buildSettings = {
				ASSETCATALOG_COMPILER_APPICON_NAME = AppIcon;
				ASSETCATALOG_COMPILER_GLOBAL_ACCENT_COLOR_NAME = AccentColor;
				CODE_SIGN_STYLE = Automatic;
				CURRENT_PROJECT_VERSION = 1;
				DEVELOPMENT_TEAM = 5VBQ98K5MQ;
				GENERATE_INFOPLIST_FILE = YES;
				INFOPLIST_FILE = ImageFeed/App/Info.plist;
				INFOPLIST_KEY_UIApplicationSupportsIndirectInputEvents = YES;
				INFOPLIST_KEY_UILaunchStoryboardName = LaunchScreen;
				INFOPLIST_KEY_UIMainStoryboardFile = Main;
				INFOPLIST_KEY_UISupportedInterfaceOrientations = UIInterfaceOrientationPortrait;
				INFOPLIST_KEY_UISupportedInterfaceOrientations_iPad = "UIInterfaceOrientationPortrait UIInterfaceOrientationPortraitUpsideDown UIInterfaceOrientationLandscapeLeft UIInterfaceOrientationLandscapeRight";
				INFOPLIST_KEY_UISupportedInterfaceOrientations_iPhone = UIInterfaceOrientationPortrait;
				IPHONEOS_DEPLOYMENT_TARGET = 13.0;
				LD_RUNPATH_SEARCH_PATHS = (
					"$(inherited)",
					"@executable_path/Frameworks",
				);
				MARKETING_VERSION = 1.0;
				PRODUCT_BUNDLE_IDENTIFIER = K2.ImageFeed;
				PRODUCT_NAME = "$(TARGET_NAME)";
				SWIFT_EMIT_LOC_STRINGS = YES;
				SWIFT_VERSION = 5.0;
				TARGETED_DEVICE_FAMILY = 1;
			};
			name = Release;
		};
/* End XCBuildConfiguration section */

/* Begin XCConfigurationList section */
		439977BC29C590BA00C34172 /* Build configuration list for PBXNativeTarget "ImageFeedTests" */ = {
			isa = XCConfigurationList;
			buildConfigurations = (
				439977BD29C590BA00C34172 /* Debug */,
				439977BE29C590BA00C34172 /* Release */,
			);
			defaultConfigurationIsVisible = 0;
			defaultConfigurationName = Release;
		};
		43F5D9A6295ABD6F00BADC86 /* Build configuration list for PBXProject "ImageFeed" */ = {
			isa = XCConfigurationList;
			buildConfigurations = (
				43F5D9BD295ABD6F00BADC86 /* Debug */,
				43F5D9BE295ABD6F00BADC86 /* Release */,
			);
			defaultConfigurationIsVisible = 0;
			defaultConfigurationName = Release;
		};
		43F5D9BF295ABD6F00BADC86 /* Build configuration list for PBXNativeTarget "ImageFeed" */ = {
			isa = XCConfigurationList;
			buildConfigurations = (
				43F5D9C0295ABD6F00BADC86 /* Debug */,
				43F5D9C1295ABD6F00BADC86 /* Release */,
			);
			defaultConfigurationIsVisible = 0;
			defaultConfigurationName = Release;
		};
/* End XCConfigurationList section */

/* Begin XCRemoteSwiftPackageReference section */
		436DAF45298E96DE002F43F8 /* XCRemoteSwiftPackageReference "ProgressHUD" */ = {
			isa = XCRemoteSwiftPackageReference;
			repositoryURL = "https://github.com/relatedcode/ProgressHUD";
			requirement = {
				kind = exactVersion;
				version = 13.6.2;
			};
		};
		4387444B29A26C5000402271 /* XCRemoteSwiftPackageReference "Kingfisher" */ = {
			isa = XCRemoteSwiftPackageReference;
			repositoryURL = "https://github.com/onevcat/Kingfisher";
			requirement = {
				kind = upToNextMajorVersion;
				minimumVersion = 7.0.0;
			};
		};
		4387444E29A2A57B00402271 /* XCRemoteSwiftPackageReference "SwiftKeychainWrapper" */ = {
			isa = XCRemoteSwiftPackageReference;
			repositoryURL = "https://github.com/jrendel/SwiftKeychainWrapper";
			requirement = {
				kind = upToNextMajorVersion;
				minimumVersion = 4.0.0;
			};
		};
/* End XCRemoteSwiftPackageReference section */

/* Begin XCSwiftPackageProductDependency section */
		436DAF46298E96DE002F43F8 /* ProgressHUD */ = {
			isa = XCSwiftPackageProductDependency;
			package = 436DAF45298E96DE002F43F8 /* XCRemoteSwiftPackageReference "ProgressHUD" */;
			productName = ProgressHUD;
		};
		4387444C29A26C5000402271 /* Kingfisher */ = {
			isa = XCSwiftPackageProductDependency;
			package = 4387444B29A26C5000402271 /* XCRemoteSwiftPackageReference "Kingfisher" */;
			productName = Kingfisher;
		};
		4387444F29A2A57B00402271 /* SwiftKeychainWrapper */ = {
			isa = XCSwiftPackageProductDependency;
			package = 4387444E29A2A57B00402271 /* XCRemoteSwiftPackageReference "SwiftKeychainWrapper" */;
			productName = SwiftKeychainWrapper;
		};
/* End XCSwiftPackageProductDependency section */
	};
	rootObject = 43F5D9A3295ABD6F00BADC86 /* Project object */;
}
