// !$*UTF8*$!
{
	archiveVersion = 1;
	classes = {
	};
	objectVersion = 55;
	objects = {

/* Begin PBXBuildFile section */
		43F5D9AF295ABD6F00BADC86 /* AppDelegate.swift in Sources */ = {isa = PBXBuildFile; fileRef = 43F5D9AE295ABD6F00BADC86 /* AppDelegate.swift */; };
		43F5D9B1295ABD6F00BADC86 /* SceneDelegate.swift in Sources */ = {isa = PBXBuildFile; fileRef = 43F5D9B0295ABD6F00BADC86 /* SceneDelegate.swift */; };
		43F5D9B3295ABD6F00BADC86 /* ImagesListViewController.swift in Sources */ = {isa = PBXBuildFile; fileRef = 43F5D9B2295ABD6F00BADC86 /* ImagesListViewController.swift */; };
		43F5D9B6295ABD6F00BADC86 /* Main.storyboard in Resources */ = {isa = PBXBuildFile; fileRef = 43F5D9B4295ABD6F00BADC86 /* Main.storyboard */; };
		43F5D9B8295ABD6F00BADC86 /* Assets.xcassets in Resources */ = {isa = PBXBuildFile; fileRef = 43F5D9B7295ABD6F00BADC86 /* Assets.xcassets */; };
		43F5D9BB295ABD6F00BADC86 /* LaunchScreen.storyboard in Resources */ = {isa = PBXBuildFile; fileRef = 43F5D9B9295ABD6F00BADC86 /* LaunchScreen.storyboard */; };
		43F5D9E3296561C500BADC86 /* ImageListCell.swift in Sources */ = {isa = PBXBuildFile; fileRef = 43F5D9E2296561C500BADC86 /* ImageListCell.swift */; };
		43F5D9EA2966952900BADC86 /* GradientView.swift in Sources */ = {isa = PBXBuildFile; fileRef = 43F5D9E92966952900BADC86 /* GradientView.swift */; };
/* End PBXBuildFile section */

/* Begin PBXFileReference section */
		43F5D9AB295ABD6F00BADC86 /* ImageFeed.app */ = {isa = PBXFileReference; explicitFileType = wrapper.application; includeInIndex = 0; path = ImageFeed.app; sourceTree = BUILT_PRODUCTS_DIR; };
		43F5D9AE295ABD6F00BADC86 /* AppDelegate.swift */ = {isa = PBXFileReference; lastKnownFileType = sourcecode.swift; path = AppDelegate.swift; sourceTree = "<group>"; };
		43F5D9B0295ABD6F00BADC86 /* SceneDelegate.swift */ = {isa = PBXFileReference; lastKnownFileType = sourcecode.swift; path = SceneDelegate.swift; sourceTree = "<group>"; };
		43F5D9B2295ABD6F00BADC86 /* ImagesListViewController.swift */ = {isa = PBXFileReference; lastKnownFileType = sourcecode.swift; path = ImagesListViewController.swift; sourceTree = "<group>"; };
		43F5D9B5295ABD6F00BADC86 /* Base */ = {isa = PBXFileReference; lastKnownFileType = file.storyboard; name = Base; path = Base.lproj/Main.storyboard; sourceTree = "<group>"; };
		43F5D9B7295ABD6F00BADC86 /* Assets.xcassets */ = {isa = PBXFileReference; lastKnownFileType = folder.assetcatalog; path = Assets.xcassets; sourceTree = "<group>"; };
		43F5D9BA295ABD6F00BADC86 /* Base */ = {isa = PBXFileReference; lastKnownFileType = file.storyboard; name = Base; path = Base.lproj/LaunchScreen.storyboard; sourceTree = "<group>"; };
		43F5D9BC295ABD6F00BADC86 /* Info.plist */ = {isa = PBXFileReference; lastKnownFileType = text.plist.xml; path = Info.plist; sourceTree = "<group>"; };
		43F5D9E2296561C500BADC86 /* ImageListCell.swift */ = {isa = PBXFileReference; lastKnownFileType = sourcecode.swift; path = ImageListCell.swift; sourceTree = "<group>"; };
		43F5D9E92966952900BADC86 /* GradientView.swift */ = {isa = PBXFileReference; lastKnownFileType = sourcecode.swift; path = GradientView.swift; sourceTree = "<group>"; };
/* End PBXFileReference section */

/* Begin PBXFrameworksBuildPhase section */
		43F5D9A8295ABD6F00BADC86 /* Frameworks */ = {
			isa = PBXFrameworksBuildPhase;
			buildActionMask = 2147483647;
			files = (
			);
			runOnlyForDeploymentPostprocessing = 0;
		};
/* End PBXFrameworksBuildPhase section */

/* Begin PBXGroup section */
		43F5D9A2295ABD6F00BADC86 = {
			isa = PBXGroup;
			children = (
				43F5D9AD295ABD6F00BADC86 /* ImageFeed */,
				43F5D9AC295ABD6F00BADC86 /* Products */,
			);
			sourceTree = "<group>";
		};
		43F5D9AC295ABD6F00BADC86 /* Products */ = {
			isa = PBXGroup;
			children = (
				43F5D9AB295ABD6F00BADC86 /* ImageFeed.app */,
			);
			name = Products;
			sourceTree = "<group>";
		};
		43F5D9AD295ABD6F00BADC86 /* ImageFeed */ = {
			isa = PBXGroup;
			children = (
				43F5D9E62965626A00BADC86 /* ViewControllers */,
				43F5D9E4296561D100BADC86 /* Storyboards */,
				43F5D9E8296562FD00BADC86 /* Resources */,
				43F5D9E7296562E000BADC86 /* App */,
			);
			path = ImageFeed;
			sourceTree = "<group>";
		};
		43F5D9E4296561D100BADC86 /* Storyboards */ = {
			isa = PBXGroup;
			children = (
				43F5D9B9295ABD6F00BADC86 /* LaunchScreen.storyboard */,
				43F5D9B4295ABD6F00BADC86 /* Main.storyboard */,
			);
			path = Storyboards;
			sourceTree = "<group>";
		};
		43F5D9E52965621700BADC86 /* ImagesList */ = {
			isa = PBXGroup;
			children = (
				43F5D9E2296561C500BADC86 /* ImageListCell.swift */,
				43F5D9B2295ABD6F00BADC86 /* ImagesListViewController.swift */,
				43F5D9E92966952900BADC86 /* GradientView.swift */,
			);
			path = ImagesList;
			sourceTree = "<group>";
		};
		43F5D9E62965626A00BADC86 /* ViewControllers */ = {
			isa = PBXGroup;
			children = (
				43F5D9E52965621700BADC86 /* ImagesList */,
			);
			path = ViewControllers;
			sourceTree = "<group>";
		};
		43F5D9E7296562E000BADC86 /* App */ = {
			isa = PBXGroup;
			children = (
				43F5D9B0295ABD6F00BADC86 /* SceneDelegate.swift */,
				43F5D9AE295ABD6F00BADC86 /* AppDelegate.swift */,
				43F5D9BC295ABD6F00BADC86 /* Info.plist */,
			);
			path = App;
			sourceTree = "<group>";
		};
		43F5D9E8296562FD00BADC86 /* Resources */ = {
			isa = PBXGroup;
			children = (
				43F5D9B7295ABD6F00BADC86 /* Assets.xcassets */,
			);
			path = Resources;
			sourceTree = "<group>";
		};
/* End PBXGroup section */

/* Begin PBXNativeTarget section */
		43F5D9AA295ABD6F00BADC86 /* ImageFeed */ = {
			isa = PBXNativeTarget;
			buildConfigurationList = 43F5D9BF295ABD6F00BADC86 /* Build configuration list for PBXNativeTarget "ImageFeed" */;
			buildPhases = (
				43F5D9A7295ABD6F00BADC86 /* Sources */,
				43F5D9A8295ABD6F00BADC86 /* Frameworks */,
				43F5D9A9295ABD6F00BADC86 /* Resources */,
			);
			buildRules = (
			);
			dependencies = (
			);
			name = ImageFeed;
			productName = ImageFeed;
			productReference = 43F5D9AB295ABD6F00BADC86 /* ImageFeed.app */;
			productType = "com.apple.product-type.application";
		};
/* End PBXNativeTarget section */

/* Begin PBXProject section */
		43F5D9A3295ABD6F00BADC86 /* Project object */ = {
			isa = PBXProject;
			attributes = {
				BuildIndependentTargetsInParallel = 1;
				LastSwiftUpdateCheck = 1340;
				LastUpgradeCheck = 1340;
				TargetAttributes = {
					43F5D9AA295ABD6F00BADC86 = {
						CreatedOnToolsVersion = 13.4.1;
					};
				};
			};
			buildConfigurationList = 43F5D9A6295ABD6F00BADC86 /* Build configuration list for PBXProject "ImageFeed" */;
			compatibilityVersion = "Xcode 13.0";
			developmentRegion = en;
			hasScannedForEncodings = 0;
			knownRegions = (
				en,
				Base,
			);
			mainGroup = 43F5D9A2295ABD6F00BADC86;
			productRefGroup = 43F5D9AC295ABD6F00BADC86 /* Products */;
			projectDirPath = "";
			projectRoot = "";
			targets = (
				43F5D9AA295ABD6F00BADC86 /* ImageFeed */,
			);
		};
/* End PBXProject section */

/* Begin PBXResourcesBuildPhase section */
		43F5D9A9295ABD6F00BADC86 /* Resources */ = {
			isa = PBXResourcesBuildPhase;
			buildActionMask = 2147483647;
			files = (
				43F5D9BB295ABD6F00BADC86 /* LaunchScreen.storyboard in Resources */,
				43F5D9B8295ABD6F00BADC86 /* Assets.xcassets in Resources */,
				43F5D9B6295ABD6F00BADC86 /* Main.storyboard in Resources */,
			);
			runOnlyForDeploymentPostprocessing = 0;
		};
/* End PBXResourcesBuildPhase section */

/* Begin PBXSourcesBuildPhase section */
		43F5D9A7295ABD6F00BADC86 /* Sources */ = {
			isa = PBXSourcesBuildPhase;
			buildActionMask = 2147483647;
			files = (
				43F5D9B3295ABD6F00BADC86 /* ImagesListViewController.swift in Sources */,
				43F5D9E3296561C500BADC86 /* ImageListCell.swift in Sources */,
				43F5D9EA2966952900BADC86 /* GradientView.swift in Sources */,
				43F5D9AF295ABD6F00BADC86 /* AppDelegate.swift in Sources */,
				43F5D9B1295ABD6F00BADC86 /* SceneDelegate.swift in Sources */,
			);
			runOnlyForDeploymentPostprocessing = 0;
		};
/* End PBXSourcesBuildPhase section */

/* Begin PBXVariantGroup section */
		43F5D9B4295ABD6F00BADC86 /* Main.storyboard */ = {
			isa = PBXVariantGroup;
			children = (
				43F5D9B5295ABD6F00BADC86 /* Base */,
			);
			name = Main.storyboard;
			sourceTree = "<group>";
		};
		43F5D9B9295ABD6F00BADC86 /* LaunchScreen.storyboard */ = {
			isa = PBXVariantGroup;
			children = (
				43F5D9BA295ABD6F00BADC86 /* Base */,
			);
			name = LaunchScreen.storyboard;
			sourceTree = "<group>";
		};
/* End PBXVariantGroup section */

/* Begin XCBuildConfiguration section */
		43F5D9BD295ABD6F00BADC86 /* Debug */ = {
			isa = XCBuildConfiguration;
			buildSettings = {
				ALWAYS_SEARCH_USER_PATHS = NO;
				CLANG_ANALYZER_NONNULL = YES;
				CLANG_ANALYZER_NUMBER_OBJECT_CONVERSION = YES_AGGRESSIVE;
				CLANG_CXX_LANGUAGE_STANDARD = "gnu++17";
				CLANG_ENABLE_MODULES = YES;
				CLANG_ENABLE_OBJC_ARC = YES;
				CLANG_ENABLE_OBJC_WEAK = YES;
				CLANG_WARN_BLOCK_CAPTURE_AUTORELEASING = YES;
				CLANG_WARN_BOOL_CONVERSION = YES;
				CLANG_WARN_COMMA = YES;
				CLANG_WARN_CONSTANT_CONVERSION = YES;
				CLANG_WARN_DEPRECATED_OBJC_IMPLEMENTATIONS = YES;
				CLANG_WARN_DIRECT_OBJC_ISA_USAGE = YES_ERROR;
				CLANG_WARN_DOCUMENTATION_COMMENTS = YES;
				CLANG_WARN_EMPTY_BODY = YES;
				CLANG_WARN_ENUM_CONVERSION = YES;
				CLANG_WARN_INFINITE_RECURSION = YES;
				CLANG_WARN_INT_CONVERSION = YES;
				CLANG_WARN_NON_LITERAL_NULL_CONVERSION = YES;
				CLANG_WARN_OBJC_IMPLICIT_RETAIN_SELF = YES;
				CLANG_WARN_OBJC_LITERAL_CONVERSION = YES;
				CLANG_WARN_OBJC_ROOT_CLASS = YES_ERROR;
				CLANG_WARN_QUOTED_INCLUDE_IN_FRAMEWORK_HEADER = YES;
				CLANG_WARN_RANGE_LOOP_ANALYSIS = YES;
				CLANG_WARN_STRICT_PROTOTYPES = YES;
				CLANG_WARN_SUSPICIOUS_MOVE = YES;
				CLANG_WARN_UNGUARDED_AVAILABILITY = YES_AGGRESSIVE;
				CLANG_WARN_UNREACHABLE_CODE = YES;
				CLANG_WARN__DUPLICATE_METHOD_MATCH = YES;
				COPY_PHASE_STRIP = NO;
				DEBUG_INFORMATION_FORMAT = dwarf;
				ENABLE_STRICT_OBJC_MSGSEND = YES;
				ENABLE_TESTABILITY = YES;
				GCC_C_LANGUAGE_STANDARD = gnu11;
				GCC_DYNAMIC_NO_PIC = NO;
				GCC_NO_COMMON_BLOCKS = YES;
				GCC_OPTIMIZATION_LEVEL = 0;
				GCC_PREPROCESSOR_DEFINITIONS = (
					"DEBUG=1",
					"$(inherited)",
				);
				GCC_WARN_64_TO_32_BIT_CONVERSION = YES;
				GCC_WARN_ABOUT_RETURN_TYPE = YES_ERROR;
				GCC_WARN_UNDECLARED_SELECTOR = YES;
				GCC_WARN_UNINITIALIZED_AUTOS = YES_AGGRESSIVE;
				GCC_WARN_UNUSED_FUNCTION = YES;
				GCC_WARN_UNUSED_VARIABLE = YES;
				IPHONEOS_DEPLOYMENT_TARGET = 15.5;
				MTL_ENABLE_DEBUG_INFO = INCLUDE_SOURCE;
				MTL_FAST_MATH = YES;
				ONLY_ACTIVE_ARCH = YES;
				SDKROOT = iphoneos;
				SWIFT_ACTIVE_COMPILATION_CONDITIONS = DEBUG;
				SWIFT_OPTIMIZATION_LEVEL = "-Onone";
			};
			name = Debug;
		};
		43F5D9BE295ABD6F00BADC86 /* Release */ = {
			isa = XCBuildConfiguration;
			buildSettings = {
				ALWAYS_SEARCH_USER_PATHS = NO;
				CLANG_ANALYZER_NONNULL = YES;
				CLANG_ANALYZER_NUMBER_OBJECT_CONVERSION = YES_AGGRESSIVE;
				CLANG_CXX_LANGUAGE_STANDARD = "gnu++17";
				CLANG_ENABLE_MODULES = YES;
				CLANG_ENABLE_OBJC_ARC = YES;
				CLANG_ENABLE_OBJC_WEAK = YES;
				CLANG_WARN_BLOCK_CAPTURE_AUTORELEASING = YES;
				CLANG_WARN_BOOL_CONVERSION = YES;
				CLANG_WARN_COMMA = YES;
				CLANG_WARN_CONSTANT_CONVERSION = YES;
				CLANG_WARN_DEPRECATED_OBJC_IMPLEMENTATIONS = YES;
				CLANG_WARN_DIRECT_OBJC_ISA_USAGE = YES_ERROR;
				CLANG_WARN_DOCUMENTATION_COMMENTS = YES;
				CLANG_WARN_EMPTY_BODY = YES;
				CLANG_WARN_ENUM_CONVERSION = YES;
				CLANG_WARN_INFINITE_RECURSION = YES;
				CLANG_WARN_INT_CONVERSION = YES;
				CLANG_WARN_NON_LITERAL_NULL_CONVERSION = YES;
				CLANG_WARN_OBJC_IMPLICIT_RETAIN_SELF = YES;
				CLANG_WARN_OBJC_LITERAL_CONVERSION = YES;
				CLANG_WARN_OBJC_ROOT_CLASS = YES_ERROR;
				CLANG_WARN_QUOTED_INCLUDE_IN_FRAMEWORK_HEADER = YES;
				CLANG_WARN_RANGE_LOOP_ANALYSIS = YES;
				CLANG_WARN_STRICT_PROTOTYPES = YES;
				CLANG_WARN_SUSPICIOUS_MOVE = YES;
				CLANG_WARN_UNGUARDED_AVAILABILITY = YES_AGGRESSIVE;
				CLANG_WARN_UNREACHABLE_CODE = YES;
				CLANG_WARN__DUPLICATE_METHOD_MATCH = YES;
				COPY_PHASE_STRIP = NO;
				DEBUG_INFORMATION_FORMAT = "dwarf-with-dsym";
				ENABLE_NS_ASSERTIONS = NO;
				ENABLE_STRICT_OBJC_MSGSEND = YES;
				GCC_C_LANGUAGE_STANDARD = gnu11;
				GCC_NO_COMMON_BLOCKS = YES;
				GCC_WARN_64_TO_32_BIT_CONVERSION = YES;
				GCC_WARN_ABOUT_RETURN_TYPE = YES_ERROR;
				GCC_WARN_UNDECLARED_SELECTOR = YES;
				GCC_WARN_UNINITIALIZED_AUTOS = YES_AGGRESSIVE;
				GCC_WARN_UNUSED_FUNCTION = YES;
				GCC_WARN_UNUSED_VARIABLE = YES;
				IPHONEOS_DEPLOYMENT_TARGET = 15.5;
				MTL_ENABLE_DEBUG_INFO = NO;
				MTL_FAST_MATH = YES;
				SDKROOT = iphoneos;
				SWIFT_COMPILATION_MODE = wholemodule;
				SWIFT_OPTIMIZATION_LEVEL = "-O";
				VALIDATE_PRODUCT = YES;
			};
			name = Release;
		};
		43F5D9C0295ABD6F00BADC86 /* Debug */ = {
			isa = XCBuildConfiguration;
			buildSettings = {
				ASSETCATALOG_COMPILER_APPICON_NAME = AppIcon;
				ASSETCATALOG_COMPILER_GLOBAL_ACCENT_COLOR_NAME = AccentColor;
				CODE_SIGN_STYLE = Automatic;
				CURRENT_PROJECT_VERSION = 1;
				DEVELOPMENT_TEAM = 5VBQ98K5MQ;
				GENERATE_INFOPLIST_FILE = YES;
				INFOPLIST_FILE = ImageFeed/App/Info.plist;
				INFOPLIST_KEY_UIApplicationSupportsIndirectInputEvents = YES;
				INFOPLIST_KEY_UILaunchStoryboardName = LaunchScreen;
				INFOPLIST_KEY_UIMainStoryboardFile = Main;
				INFOPLIST_KEY_UISupportedInterfaceOrientations = UIInterfaceOrientationPortrait;
				INFOPLIST_KEY_UISupportedInterfaceOrientations_iPad = "UIInterfaceOrientationPortrait UIInterfaceOrientationPortraitUpsideDown UIInterfaceOrientationLandscapeLeft UIInterfaceOrientationLandscapeRight";
				INFOPLIST_KEY_UISupportedInterfaceOrientations_iPhone = UIInterfaceOrientationPortrait;
				IPHONEOS_DEPLOYMENT_TARGET = 13.0;
				LD_RUNPATH_SEARCH_PATHS = (
					"$(inherited)",
					"@executable_path/Frameworks",
				);
				MARKETING_VERSION = 1.0;
				PRODUCT_BUNDLE_IDENTIFIER = K2.ImageFeed;
				PRODUCT_NAME = "$(TARGET_NAME)";
				SWIFT_EMIT_LOC_STRINGS = YES;
				SWIFT_VERSION = 5.0;
				TARGETED_DEVICE_FAMILY = 1;
			};
			name = Debug;
		};
		43F5D9C1295ABD6F00BADC86 /* Release */ = {
			isa = XCBuildConfiguration;
			buildSettings = {
				ASSETCATALOG_COMPILER_APPICON_NAME = AppIcon;
				ASSETCATALOG_COMPILER_GLOBAL_ACCENT_COLOR_NAME = AccentColor;
				CODE_SIGN_STYLE = Automatic;
				CURRENT_PROJECT_VERSION = 1;
				DEVELOPMENT_TEAM = 5VBQ98K5MQ;
				GENERATE_INFOPLIST_FILE = YES;
				INFOPLIST_FILE = ImageFeed/App/Info.plist;
				INFOPLIST_KEY_UIApplicationSupportsIndirectInputEvents = YES;
				INFOPLIST_KEY_UILaunchStoryboardName = LaunchScreen;
				INFOPLIST_KEY_UIMainStoryboardFile = Main;
				INFOPLIST_KEY_UISupportedInterfaceOrientations = UIInterfaceOrientationPortrait;
				INFOPLIST_KEY_UISupportedInterfaceOrientations_iPad = "UIInterfaceOrientationPortrait UIInterfaceOrientationPortraitUpsideDown UIInterfaceOrientationLandscapeLeft UIInterfaceOrientationLandscapeRight";
				INFOPLIST_KEY_UISupportedInterfaceOrientations_iPhone = UIInterfaceOrientationPortrait;
				IPHONEOS_DEPLOYMENT_TARGET = 13.0;
				LD_RUNPATH_SEARCH_PATHS = (
					"$(inherited)",
					"@executable_path/Frameworks",
				);
				MARKETING_VERSION = 1.0;
				PRODUCT_BUNDLE_IDENTIFIER = K2.ImageFeed;
				PRODUCT_NAME = "$(TARGET_NAME)";
				SWIFT_EMIT_LOC_STRINGS = YES;
				SWIFT_VERSION = 5.0;
				TARGETED_DEVICE_FAMILY = 1;
			};
			name = Release;
		};
/* End XCBuildConfiguration section */

/* Begin XCConfigurationList section */
		43F5D9A6295ABD6F00BADC86 /* Build configuration list for PBXProject "ImageFeed" */ = {
			isa = XCConfigurationList;
			buildConfigurations = (
				43F5D9BD295ABD6F00BADC86 /* Debug */,
				43F5D9BE295ABD6F00BADC86 /* Release */,
			);
			defaultConfigurationIsVisible = 0;
			defaultConfigurationName = Release;
		};
		43F5D9BF295ABD6F00BADC86 /* Build configuration list for PBXNativeTarget "ImageFeed" */ = {
			isa = XCConfigurationList;
			buildConfigurations = (
				43F5D9C0295ABD6F00BADC86 /* Debug */,
				43F5D9C1295ABD6F00BADC86 /* Release */,
			);
			defaultConfigurationIsVisible = 0;
			defaultConfigurationName = Release;
		};
/* End XCConfigurationList section */
	};
	rootObject = 43F5D9A3295ABD6F00BADC86 /* Project object */;
}
